
Microsoft Visual Studio Solution File, Format Version 12.00
# Visual Studio Version 17
VisualStudioVersion = 17.5.002.0
MinimumVisualStudioVersion = 10.0.40219.1
Project("{9A19103F-16F7-4668-BE54-9A1E7A4F7556}") = "DebugEnviornment", "DebugEnviornment.csproj", "{676B085C-869B-43E5-A53F-DDA7246DBEEE}"
EndProject
Global
	GlobalSection(SolutionConfigurationPlatforms) = preSolution
		Debug|Any CPU = Debug|Any CPU
		Release|Any CPU = Release|Any CPU
	EndGlobalSection
	GlobalSection(ProjectConfigurationPlatforms) = postSolution
		{676B085C-869B-43E5-A53F-DDA7246DBEEE}.Debug|Any CPU.ActiveCfg = Debug|Any CPU
		{676B085C-869B-43E5-A53F-DDA7246DBEEE}.Debug|Any CPU.Build.0 = Debug|Any CPU
		{676B085C-869B-43E5-A53F-DDA7246DBEEE}.Release|Any CPU.ActiveCfg = Release|Any CPU
		{676B085C-869B-43E5-A53F-DDA7246DBEEE}.Release|Any CPU.Build.0 = Release|Any CPU
	EndGlobalSection
	GlobalSection(SolutionProperties) = preSolution
		HideSolutionNode = FALSE
	EndGlobalSection
	GlobalSection(ExtensibilityGlobals) = postSolution
		SolutionGuid = {D1492062-73B6-4210-8D74-D152FE7348B8}
	EndGlobalSection
EndGlobal
